github.com/joho/godotenv v1.5.1 h1:7eLL/+HRGLY0ldzfGMeQkb7vMd0as4CfYvUVzLqw0N0=
github.com/joho/godotenv v1.5.1/go.mod h1:f4LDr5Voq0i2e/R5DDNOoa2zzDfwtkZa6DnEwAbqwq4=
gopkg.in/telebot.v3 v3.3.8 h1:uVDGjak9l824FN9YARWUHMsiNZnlohAVwUycw21k6t8=
gopkg.in/telebot.v3 v3.3.8/go.mod h1:1mlbqcLTVSfK9dx7fdp+Nb5HZsy4LLPtpZTKmwhwtzM=
gopkg.in/yaml.v3 v3.0.1 h1:fxVm/GzAzEWqLHuvctI91KS9hhNmmWOoWu0XTYJS7CA=
gopkg.in/yaml.v3 v3.0.1/go.mod h1:K4uyk7z7BCEPqu6E+C64Yfv1cQ7kz7rIZviUmN+EgEM=
